
Microsoft Visual Studio Solution File, Format Version 12.00
# Visual Studio Version 17
VisualStudioVersion = 17.14.36705.20 d17.14
MinimumVisualStudioVersion = 10.0.40219.1
Project("{FAE04EC0-301F-11D3-BF4B-00C04F79EFBC}") = "InlandMarinaMVC", "InlandMarinaMVC\InlandMarinaMVC.csproj", "{9BC4D6E7-3E2F-42FA-BD09-F41429EADD0C}"
	ProjectSection(ProjectDependencies) = postProject
		{E16CC7F0-BBC9-4690-84C1-7323A961956E} = {E16CC7F0-BBC9-4690-84C1-7323A961956E}
	EndProjectSection
EndProject
Project("{FAE04EC0-301F-11D3-BF4B-00C04F79EFBC}") = "InlandMarinaData", "InlandMarinaData\InlandMarinaData.csproj", "{E16CC7F0-BBC9-4690-84C1-7323A961956E}"
EndProject
Global
	GlobalSection(SolutionConfigurationPlatforms) = preSolution
		Debug|Any CPU = Debug|Any CPU
		Release|Any CPU = Release|Any CPU
	EndGlobalSection
	GlobalSection(ProjectConfigurationPlatforms) = postSolution
		{9BC4D6E7-3E2F-42FA-BD09-F41429EADD0C}.Debug|Any CPU.ActiveCfg = Debug|Any CPU
		{9BC4D6E7-3E2F-42FA-BD09-F41429EADD0C}.Debug|Any CPU.Build.0 = Debug|Any CPU
		{9BC4D6E7-3E2F-42FA-BD09-F41429EADD0C}.Release|Any CPU.ActiveCfg = Release|Any CPU
		{9BC4D6E7-3E2F-42FA-BD09-F41429EADD0C}.Release|Any CPU.Build.0 = Release|Any CPU
		{E16CC7F0-BBC9-4690-84C1-7323A961956E}.Debug|Any CPU.ActiveCfg = Debug|Any CPU
		{E16CC7F0-BBC9-4690-84C1-7323A961956E}.Debug|Any CPU.Build.0 = Debug|Any CPU
		{E16CC7F0-BBC9-4690-84C1-7323A961956E}.Release|Any CPU.ActiveCfg = Release|Any CPU
		{E16CC7F0-BBC9-4690-84C1-7323A961956E}.Release|Any CPU.Build.0 = Release|Any CPU
	EndGlobalSection
	GlobalSection(SolutionProperties) = preSolution
		HideSolutionNode = FALSE
	EndGlobalSection
	GlobalSection(ExtensibilityGlobals) = postSolution
		SolutionGuid = {5C081C3D-9EC3-4C2B-A24E-8182517EE224}
	EndGlobalSection
EndGlobal
